
Microsoft Visual Studio Solution File, Format Version 12.00
# Visual Studio Version 17
VisualStudioVersion = 17.10.35013.160
MinimumVisualStudioVersion = 10.0.40219.1
Project("{FAE04EC0-301F-11D3-BF4B-00C04F79EFBC}") = "ContribuintesInss", "ContribuintesInss\ContribuintesInss.csproj", "{2F5098B5-EEF6-4350-97E9-C7C934A2092B}"
EndProject
Global
	GlobalSection(SolutionConfigurationPlatforms) = preSolution
		Debug|Any CPU = Debug|Any CPU
		Release|Any CPU = Release|Any CPU
	EndGlobalSection
	GlobalSection(ProjectConfigurationPlatforms) = postSolution
		{2F5098B5-EEF6-4350-97E9-C7C934A2092B}.Debug|Any CPU.ActiveCfg = Debug|Any CPU
		{2F5098B5-EEF6-4350-97E9-C7C934A2092B}.Debug|Any CPU.Build.0 = Debug|Any CPU
		{2F5098B5-EEF6-4350-97E9-C7C934A2092B}.Release|Any CPU.ActiveCfg = Release|Any CPU
		{2F5098B5-EEF6-4350-97E9-C7C934A2092B}.Release|Any CPU.Build.0 = Release|Any CPU
	EndGlobalSection
	GlobalSection(SolutionProperties) = preSolution
		HideSolutionNode = FALSE
	EndGlobalSection
	GlobalSection(ExtensibilityGlobals) = postSolution
		SolutionGuid = {15A80A20-2264-4ACA-922F-A57D4AC219AA}
	EndGlobalSection
EndGlobal
